schema: '2.0'
stages:
  train:
    cmd: python train.py
    deps:
    - path: fra.txt
      md5: a7db8e1289bc07cd6884a8575dfacdb2
      size: 29347444
    - path: train.py
      md5: 0a6a419bbb3f3e7360f4c97e02c07c22
      size: 4239
    params:
      params.py:
        batch_size: 64
        data_path: fra.txt
        epochs: 2
        latent_dim: 128
        num_samples: 10000
    outs:
    - path: results
      md5: 9d5d10c6674487df04bd4c188d53b495.dir
      size: 16512
      nfiles: 5
    - path: results.json
      md5: 9adb199a191c5f04bf8b0a6a66d8fba9
      size: 160
    - path: s2s
      md5: 21359fbb26e193c8ade7f3152a08e672.dir
      size: 3298148
      nfiles: 4
