schema: '2.0'
stages:
  train:
    cmd: python train.py
    deps:
    - path: fra.txt
      md5: a7db8e1289bc07cd6884a8575dfacdb2
      size: 29347444
    - path: train.py
      md5: 0a6a419bbb3f3e7360f4c97e02c07c22
      size: 4239
    params:
      params.py:
        batch_size: 256
        data_path: fra.txt
        epochs: 10
        latent_dim: 64
        num_samples: 10000
    outs:
    - path: results
      md5: cae278987ab7f1c8927942e5ae05a39a.dir
      size: 22886
      nfiles: 5
    - path: results.json
      md5: 7a529d414854bfcddef3f20a2be0ed61
      size: 161
    - path: s2s
