schema: '2.0'
stages:
  train:
    cmd: python train.py
    deps:
    - path: fra.txt
      md5: a7db8e1289bc07cd6884a8575dfacdb2
      size: 29347444
    - path: train.py
      md5: 0a6a419bbb3f3e7360f4c97e02c07c22
      size: 4239
    params:
      params.py:
        batch_size: 128
        data_path: fra.txt
        epochs: 10
        latent_dim: 128
        num_samples: 10000
    outs:
    - path: results
      md5: 2f7ec806695d2c8045f3d0548b3da58f.dir
      size: 20762
      nfiles: 5
    - path: results.json
      md5: 852e485cf145ba41fa9de6b7c94bb16b
      size: 161
    - path: s2s
